
Microsoft Visual Studio Solution File, Format Version 12.00
# Visual Studio Version 16
VisualStudioVersion = 16.0.29613.14
MinimumVisualStudioVersion = 10.0.40219.1
Project("{FAE04EC0-301F-11D3-BF4B-00C04F79EFBC}") = "ContentGraber", "ContentGraber.csproj", "{0AB205B9-8EC2-4621-AFAB-02059BD465AC}"
EndProject
Global
	GlobalSection(SolutionConfigurationPlatforms) = preSolution
		Debug|Any CPU = Debug|Any CPU
		Release|Any CPU = Release|Any CPU
	EndGlobalSection
	GlobalSection(ProjectConfigurationPlatforms) = postSolution
		{0AB205B9-8EC2-4621-AFAB-02059BD465AC}.Debug|Any CPU.ActiveCfg = Debug|Any CPU
		{0AB205B9-8EC2-4621-AFAB-02059BD465AC}.Debug|Any CPU.Build.0 = Debug|Any CPU
		{0AB205B9-8EC2-4621-AFAB-02059BD465AC}.Release|Any CPU.ActiveCfg = Release|Any CPU
		{0AB205B9-8EC2-4621-AFAB-02059BD465AC}.Release|Any CPU.Build.0 = Release|Any CPU
	EndGlobalSection
	GlobalSection(SolutionProperties) = preSolution
		HideSolutionNode = FALSE
	EndGlobalSection
	GlobalSection(ExtensibilityGlobals) = postSolution
		SolutionGuid = {DC3F2529-F525-4CD2-B602-B9FCEEA2ECD2}
	EndGlobalSection
EndGlobal
